
Microsoft Visual Studio Solution File, Format Version 12.00
# Visual Studio Version 16
VisualStudioVersion = 16.0.29201.188
MinimumVisualStudioVersion = 10.0.40219.1
Project("{FAE04EC0-301F-11D3-BF4B-00C04F79EFBC}") = "GeometrijskoTijeloBudicMarin", "GeometrijskoTijeloBudicMarin.csproj", "{D8AD2BFE-36A2-4D66-895F-6CF4C0441EC8}"
EndProject
Global
	GlobalSection(SolutionConfigurationPlatforms) = preSolution
		Debug|Any CPU = Debug|Any CPU
		Release|Any CPU = Release|Any CPU
	EndGlobalSection
	GlobalSection(ProjectConfigurationPlatforms) = postSolution
		{D8AD2BFE-36A2-4D66-895F-6CF4C0441EC8}.Debug|Any CPU.ActiveCfg = Debug|Any CPU
		{D8AD2BFE-36A2-4D66-895F-6CF4C0441EC8}.Debug|Any CPU.Build.0 = Debug|Any CPU
		{D8AD2BFE-36A2-4D66-895F-6CF4C0441EC8}.Release|Any CPU.ActiveCfg = Release|Any CPU
		{D8AD2BFE-36A2-4D66-895F-6CF4C0441EC8}.Release|Any CPU.Build.0 = Release|Any CPU
	EndGlobalSection
	GlobalSection(SolutionProperties) = preSolution
		HideSolutionNode = FALSE
	EndGlobalSection
	GlobalSection(ExtensibilityGlobals) = postSolution
		SolutionGuid = {D4294032-0394-4F0C-B52C-64A9026ED168}
	EndGlobalSection
EndGlobal
